
Microsoft Visual Studio Solution File, Format Version 12.00
# Visual Studio 15
VisualStudioVersion = 15.0.28307.421
MinimumVisualStudioVersion = 10.0.40219.1
Project("{8BC9CEB8-8B4A-11D0-8D11-00A0C91BC942}") = "MonopolyProject", "MonopolyProject\MonopolyProject.vcxproj", "{DA4A5A53-9BF4-4C2F-AD8B-24EBA5DD7D23}"
EndProject
Global
	GlobalSection(SolutionConfigurationPlatforms) = preSolution
		Debug|x64 = Debug|x64
		Debug|x86 = Debug|x86
		Release|x64 = Release|x64
		Release|x86 = Release|x86
	EndGlobalSection
	GlobalSection(ProjectConfigurationPlatforms) = postSolution
		{DA4A5A53-9BF4-4C2F-AD8B-24EBA5DD7D23}.Debug|x64.ActiveCfg = Debug|x64
		{DA4A5A53-9BF4-4C2F-AD8B-24EBA5DD7D23}.Debug|x64.Build.0 = Debug|x64
		{DA4A5A53-9BF4-4C2F-AD8B-24EBA5DD7D23}.Debug|x86.ActiveCfg = Debug|Win32
		{DA4A5A53-9BF4-4C2F-AD8B-24EBA5DD7D23}.Debug|x86.Build.0 = Debug|Win32
		{DA4A5A53-9BF4-4C2F-AD8B-24EBA5DD7D23}.Release|x64.ActiveCfg = Release|x64
		{DA4A5A53-9BF4-4C2F-AD8B-24EBA5DD7D23}.Release|x64.Build.0 = Release|x64
		{DA4A5A53-9BF4-4C2F-AD8B-24EBA5DD7D23}.Release|x86.ActiveCfg = Release|Win32
		{DA4A5A53-9BF4-4C2F-AD8B-24EBA5DD7D23}.Release|x86.Build.0 = Release|Win32
	EndGlobalSection
	GlobalSection(SolutionProperties) = preSolution
		HideSolutionNode = FALSE
	EndGlobalSection
	GlobalSection(ExtensibilityGlobals) = postSolution
		SolutionGuid = {DF2119FD-63EA-43C0-AFC6-7E9E8A898D5F}
	EndGlobalSection
EndGlobal
